
Microsoft Visual Studio Solution File, Format Version 12.00
# Visual Studio Version 17
VisualStudioVersion = 17.0.31903.59
MinimumVisualStudioVersion = 10.0.40219.1
Project("{2150E333-8FDC-42A3-9474-1A3956D46DE8}") = "src", "src", "{827E0CD3-B72D-47B6-A68D-7590B98EB39B}"
EndProject
Project("{FAE04EC0-301F-11D3-BF4B-00C04F79EFBC}") = "TuoiTho.Core", "src\TuoiTho.Core\TuoiTho.Core.csproj", "{6776A796-7FDB-4957-9654-9E222C6E14F8}"
EndProject
Project("{FAE04EC0-301F-11D3-BF4B-00C04F79EFBC}") = "TuoiTho.Storage", "src\TuoiTho.Storage\TuoiTho.Storage.csproj", "{087D46F0-1FF0-4519-B51B-EDE49786862E}"
EndProject
Project("{FAE04EC0-301F-11D3-BF4B-00C04F79EFBC}") = "TuoiTho.Service", "src\TuoiTho.Service\TuoiTho.Service.csproj", "{99B8245B-3A57-4EE7-A885-37512B2B5D66}"
EndProject
Project("{FAE04EC0-301F-11D3-BF4B-00C04F79EFBC}") = "TuoiTho.SessionAgent", "src\TuoiTho.SessionAgent\TuoiTho.SessionAgent.csproj", "{1F4793C5-21B5-4EF3-8161-269D43A1D9A3}"
EndProject
Project("{FAE04EC0-301F-11D3-BF4B-00C04F79EFBC}") = "TuoiTho.Parent", "src\TuoiTho.Parent\TuoiTho.Parent.csproj", "{306FF8BC-2223-4A6E-A473-6DEA534D359A}"
EndProject
Project("{2150E333-8FDC-42A3-9474-1A3956D46DE8}") = "tests", "tests", "{0AB3BF05-4346-4AA6-1389-037BE0695223}"
EndProject
Project("{FAE04EC0-301F-11D3-BF4B-00C04F79EFBC}") = "TuoiTho.Tests", "tests\TuoiTho.Tests\TuoiTho.Tests.csproj", "{30AAC689-0691-4A8C-804C-628CFE03D1F1}"
EndProject
Project("{2150E333-8FDC-42A3-9474-1A3956D46DE8}") = "tools", "tools", "{07C2787E-EAC7-C090-1BA3-A61EC2A24D84}"
EndProject
Project("{FAE04EC0-301F-11D3-BF4B-00C04F79EFBC}") = "TuoiTho.WtsDiagnostic", "tools\TuoiTho.WtsDiagnostic\TuoiTho.WtsDiagnostic.csproj", "{35AF92C3-A112-4135-A9A5-1585A8CE1EDD}"
EndProject
Global
	GlobalSection(SolutionConfigurationPlatforms) = preSolution
		Debug|Any CPU = Debug|Any CPU
		Debug|x64 = Debug|x64
		Debug|x86 = Debug|x86
		Release|Any CPU = Release|Any CPU
		Release|x64 = Release|x64
		Release|x86 = Release|x86
	EndGlobalSection
	GlobalSection(ProjectConfigurationPlatforms) = postSolution
		{6776A796-7FDB-4957-9654-9E222C6E14F8}.Debug|Any CPU.ActiveCfg = Debug|Any CPU
		{6776A796-7FDB-4957-9654-9E222C6E14F8}.Debug|Any CPU.Build.0 = Debug|Any CPU
		{6776A796-7FDB-4957-9654-9E222C6E14F8}.Debug|x64.ActiveCfg = Debug|Any CPU
		{6776A796-7FDB-4957-9654-9E222C6E14F8}.Debug|x64.Build.0 = Debug|Any CPU
		{6776A796-7FDB-4957-9654-9E222C6E14F8}.Debug|x86.ActiveCfg = Debug|Any CPU
		{6776A796-7FDB-4957-9654-9E222C6E14F8}.Debug|x86.Build.0 = Debug|Any CPU
		{6776A796-7FDB-4957-9654-9E222C6E14F8}.Release|Any CPU.ActiveCfg = Release|Any CPU
		{6776A796-7FDB-4957-9654-9E222C6E14F8}.Release|Any CPU.Build.0 = Release|Any CPU
		{6776A796-7FDB-4957-9654-9E222C6E14F8}.Release|x64.ActiveCfg = Release|Any CPU
		{6776A796-7FDB-4957-9654-9E222C6E14F8}.Release|x64.Build.0 = Release|Any CPU
		{6776A796-7FDB-4957-9654-9E222C6E14F8}.Release|x86.ActiveCfg = Release|Any CPU
		{6776A796-7FDB-4957-9654-9E222C6E14F8}.Release|x86.Build.0 = Release|Any CPU
		{087D46F0-1FF0-4519-B51B-EDE49786862E}.Debug|Any CPU.ActiveCfg = Debug|Any CPU
		{087D46F0-1FF0-4519-B51B-EDE49786862E}.Debug|Any CPU.Build.0 = Debug|Any CPU
		{087D46F0-1FF0-4519-B51B-EDE49786862E}.Debug|x64.ActiveCfg = Debug|Any CPU
		{087D46F0-1FF0-4519-B51B-EDE49786862E}.Debug|x64.Build.0 = Debug|Any CPU
		{087D46F0-1FF0-4519-B51B-EDE49786862E}.Debug|x86.ActiveCfg = Debug|Any CPU
		{087D46F0-1FF0-4519-B51B-EDE49786862E}.Debug|x86.Build.0 = Debug|Any CPU
		{087D46F0-1FF0-4519-B51B-EDE49786862E}.Release|Any CPU.ActiveCfg = Release|Any CPU
		{087D46F0-1FF0-4519-B51B-EDE49786862E}.Release|Any CPU.Build.0 = Release|Any CPU
		{087D46F0-1FF0-4519-B51B-EDE49786862E}.Release|x64.ActiveCfg = Release|Any CPU
		{087D46F0-1FF0-4519-B51B-EDE49786862E}.Release|x64.Build.0 = Release|Any CPU
		{087D46F0-1FF0-4519-B51B-EDE49786862E}.Release|x86.ActiveCfg = Release|Any CPU
		{087D46F0-1FF0-4519-B51B-EDE49786862E}.Release|x86.Build.0 = Release|Any CPU
		{99B8245B-3A57-4EE7-A885-37512B2B5D66}.Debug|Any CPU.ActiveCfg = Debug|Any CPU
		{99B8245B-3A57-4EE7-A885-37512B2B5D66}.Debug|Any CPU.Build.0 = Debug|Any CPU
		{99B8245B-3A57-4EE7-A885-37512B2B5D66}.Debug|x64.ActiveCfg = Debug|Any CPU
		{99B8245B-3A57-4EE7-A885-37512B2B5D66}.Debug|x64.Build.0 = Debug|Any CPU
		{99B8245B-3A57-4EE7-A885-37512B2B5D66}.Debug|x86.ActiveCfg = Debug|Any CPU
		{99B8245B-3A57-4EE7-A885-37512B2B5D66}.Debug|x86.Build.0 = Debug|Any CPU
		{99B8245B-3A57-4EE7-A885-37512B2B5D66}.Release|Any CPU.ActiveCfg = Release|Any CPU
		{99B8245B-3A57-4EE7-A885-37512B2B5D66}.Release|Any CPU.Build.0 = Release|Any CPU
		{99B8245B-3A57-4EE7-A885-37512B2B5D66}.Release|x64.ActiveCfg = Release|Any CPU
		{99B8245B-3A57-4EE7-A885-37512B2B5D66}.Release|x64.Build.0 = Release|Any CPU
		{99B8245B-3A57-4EE7-A885-37512B2B5D66}.Release|x86.ActiveCfg = Release|Any CPU
		{99B8245B-3A57-4EE7-A885-37512B2B5D66}.Release|x86.Build.0 = Release|Any CPU
		{1F4793C5-21B5-4EF3-8161-269D43A1D9A3}.Debug|Any CPU.ActiveCfg = Debug|Any CPU
		{1F4793C5-21B5-4EF3-8161-269D43A1D9A3}.Debug|Any CPU.Build.0 = Debug|Any CPU
		{1F4793C5-21B5-4EF3-8161-269D43A1D9A3}.Debug|x64.ActiveCfg = Debug|Any CPU
		{1F4793C5-21B5-4EF3-8161-269D43A1D9A3}.Debug|x64.Build.0 = Debug|Any CPU
		{1F4793C5-21B5-4EF3-8161-269D43A1D9A3}.Debug|x86.ActiveCfg = Debug|Any CPU
		{1F4793C5-21B5-4EF3-8161-269D43A1D9A3}.Debug|x86.Build.0 = Debug|Any CPU
		{1F4793C5-21B5-4EF3-8161-269D43A1D9A3}.Release|Any CPU.ActiveCfg = Release|Any CPU
		{1F4793C5-21B5-4EF3-8161-269D43A1D9A3}.Release|Any CPU.Build.0 = Release|Any CPU
		{1F4793C5-21B5-4EF3-8161-269D43A1D9A3}.Release|x64.ActiveCfg = Release|Any CPU
		{1F4793C5-21B5-4EF3-8161-269D43A1D9A3}.Release|x64.Build.0 = Release|Any CPU
		{1F4793C5-21B5-4EF3-8161-269D43A1D9A3}.Release|x86.ActiveCfg = Release|Any CPU
		{1F4793C5-21B5-4EF3-8161-269D43A1D9A3}.Release|x86.Build.0 = Release|Any CPU
		{306FF8BC-2223-4A6E-A473-6DEA534D359A}.Debug|Any CPU.ActiveCfg = Debug|Any CPU
		{306FF8BC-2223-4A6E-A473-6DEA534D359A}.Debug|Any CPU.Build.0 = Debug|Any CPU
		{306FF8BC-2223-4A6E-A473-6DEA534D359A}.Debug|x64.ActiveCfg = Debug|Any CPU
		{306FF8BC-2223-4A6E-A473-6DEA534D359A}.Debug|x64.Build.0 = Debug|Any CPU
		{306FF8BC-2223-4A6E-A473-6DEA534D359A}.Debug|x86.ActiveCfg = Debug|Any CPU
		{306FF8BC-2223-4A6E-A473-6DEA534D359A}.Debug|x86.Build.0 = Debug|Any CPU
		{306FF8BC-2223-4A6E-A473-6DEA534D359A}.Release|Any CPU.ActiveCfg = Release|Any CPU
		{306FF8BC-2223-4A6E-A473-6DEA534D359A}.Release|Any CPU.Build.0 = Release|Any CPU
		{306FF8BC-2223-4A6E-A473-6DEA534D359A}.Release|x64.ActiveCfg = Release|Any CPU
		{306FF8BC-2223-4A6E-A473-6DEA534D359A}.Release|x64.Build.0 = Release|Any CPU
		{306FF8BC-2223-4A6E-A473-6DEA534D359A}.Release|x86.ActiveCfg = Release|Any CPU
		{306FF8BC-2223-4A6E-A473-6DEA534D359A}.Release|x86.Build.0 = Release|Any CPU
		{30AAC689-0691-4A8C-804C-628CFE03D1F1}.Debug|Any CPU.ActiveCfg = Debug|Any CPU
		{30AAC689-0691-4A8C-804C-628CFE03D1F1}.Debug|Any CPU.Build.0 = Debug|Any CPU
		{30AAC689-0691-4A8C-804C-628CFE03D1F1}.Debug|x64.ActiveCfg = Debug|Any CPU
		{30AAC689-0691-4A8C-804C-628CFE03D1F1}.Debug|x64.Build.0 = Debug|Any CPU
		{30AAC689-0691-4A8C-804C-628CFE03D1F1}.Debug|x86.ActiveCfg = Debug|Any CPU
		{30AAC689-0691-4A8C-804C-628CFE03D1F1}.Debug|x86.Build.0 = Debug|Any CPU
		{30AAC689-0691-4A8C-804C-628CFE03D1F1}.Release|Any CPU.ActiveCfg = Release|Any CPU
		{30AAC689-0691-4A8C-804C-628CFE03D1F1}.Release|Any CPU.Build.0 = Release|Any CPU
		{30AAC689-0691-4A8C-804C-628CFE03D1F1}.Release|x64.ActiveCfg = Release|Any CPU
		{30AAC689-0691-4A8C-804C-628CFE03D1F1}.Release|x64.Build.0 = Release|Any CPU
		{30AAC689-0691-4A8C-804C-628CFE03D1F1}.Release|x86.ActiveCfg = Release|Any CPU
		{30AAC689-0691-4A8C-804C-628CFE03D1F1}.Release|x86.Build.0 = Release|Any CPU
		{35AF92C3-A112-4135-A9A5-1585A8CE1EDD}.Debug|Any CPU.ActiveCfg = Debug|Any CPU
		{35AF92C3-A112-4135-A9A5-1585A8CE1EDD}.Debug|Any CPU.Build.0 = Debug|Any CPU
		{35AF92C3-A112-4135-A9A5-1585A8CE1EDD}.Debug|x64.ActiveCfg = Debug|Any CPU
		{35AF92C3-A112-4135-A9A5-1585A8CE1EDD}.Debug|x64.Build.0 = Debug|Any CPU
		{35AF92C3-A112-4135-A9A5-1585A8CE1EDD}.Debug|x86.ActiveCfg = Debug|Any CPU
		{35AF92C3-A112-4135-A9A5-1585A8CE1EDD}.Debug|x86.Build.0 = Debug|Any CPU
		{35AF92C3-A112-4135-A9A5-1585A8CE1EDD}.Release|Any CPU.ActiveCfg = Release|Any CPU
		{35AF92C3-A112-4135-A9A5-1585A8CE1EDD}.Release|Any CPU.Build.0 = Release|Any CPU
		{35AF92C3-A112-4135-A9A5-1585A8CE1EDD}.Release|x64.ActiveCfg = Release|Any CPU
		{35AF92C3-A112-4135-A9A5-1585A8CE1EDD}.Release|x64.Build.0 = Release|Any CPU
		{35AF92C3-A112-4135-A9A5-1585A8CE1EDD}.Release|x86.ActiveCfg = Release|Any CPU
		{35AF92C3-A112-4135-A9A5-1585A8CE1EDD}.Release|x86.Build.0 = Release|Any CPU
	EndGlobalSection
	GlobalSection(SolutionProperties) = preSolution
		HideSolutionNode = FALSE
	EndGlobalSection
	GlobalSection(NestedProjects) = preSolution
		{6776A796-7FDB-4957-9654-9E222C6E14F8} = {827E0CD3-B72D-47B6-A68D-7590B98EB39B}
		{087D46F0-1FF0-4519-B51B-EDE49786862E} = {827E0CD3-B72D-47B6-A68D-7590B98EB39B}
		{99B8245B-3A57-4EE7-A885-37512B2B5D66} = {827E0CD3-B72D-47B6-A68D-7590B98EB39B}
		{1F4793C5-21B5-4EF3-8161-269D43A1D9A3} = {827E0CD3-B72D-47B6-A68D-7590B98EB39B}
		{306FF8BC-2223-4A6E-A473-6DEA534D359A} = {827E0CD3-B72D-47B6-A68D-7590B98EB39B}
		{30AAC689-0691-4A8C-804C-628CFE03D1F1} = {0AB3BF05-4346-4AA6-1389-037BE0695223}
		{35AF92C3-A112-4135-A9A5-1585A8CE1EDD} = {07C2787E-EAC7-C090-1BA3-A61EC2A24D84}
	EndGlobalSection
EndGlobal
